<?xml version="1.0" encoding="utf-8"?>
<Project ToolsVersion="4.0" xmlns="http://schemas.microsoft.com/developer/msbuild/2003">
  <ItemGroup>
    <Filter Include="Source Files">
      <UniqueIdentifier>{4FC737F1-C7A5-4376-A066-2A32D752A2FF}</UniqueIdentifier>
      <Extensions>cpp;c;cc;cxx;c++;cppm;ixx;def;odl;idl;hpj;bat;asm;asmx</Extensions>
    </Filter>
    <Filter Include="Header Files">
      <UniqueIdentifier>{93995380-89BD-4b04-88EB-625FBE52EBFB}</UniqueIdentifier>
      <Extensions>h;hh;hpp;hxx;h++;hm;inl;inc;ipp;xsd</Extensions>
    </Filter>
    <Filter Include="Resource Files">
      <UniqueIdentifier>{67DA6AB6-F800-4c08-8B7A-83BB121AAD01}</UniqueIdentifier>
      <Extensions>rc;ico;cur;bmp;dlg;rc2;rct;bin;rgs;gif;jpg;jpeg;jpe;resx;tiff;tif;png;wav;mfcribbon-ms</Extensions>
    </Filter>
    <Filter Include="Media">
      <UniqueIdentifier>{fd94aff1-7048-4168-966a-088e42b11ed6}</UniqueIdentifier>
    </Filter>
  </ItemGroup>
  <ItemGroup>
    <ClCompile Include="main.cpp">
      <Filter>Source Files</Filter>
    </ClCompile>
    <ClCompile Include="font.cpp">
      <Filter>Source Files</Filter>
    </ClCompile>
    <ClCompile Include="input.cpp">
      <Filter>Source Files</Filter>
    </ClCompile>
    <ClCompile Include="lodepng.c">
      <Filter>Source Files</Filter>
    </ClCompile>
    <ClCompile Include="dd_gfx.cpp">
      <Filter>Source Files</Filter>
    </ClCompile>
    <ClCompile Include="dd_texture.cpp">
      <Filter>Source Files</Filter>
    </ClCompile>
    <ClCompile Include="dd_theme.cpp">
      <Filter>Source Files</Filter>
    </ClCompile>
    <ClCompile Include="dd_ui.cpp">
      <Filter>Source Files</Filter>
    </ClCompile>
    <ClCompile Include="dd_iso.cpp">
      <Filter>Source Files</Filter>
    </ClCompile>
    <ClCompile Include="dd_audio.cpp">
      <Filter>Source Files</Filter>
    </ClCompile>
    <ClCompile Include="dd_ftol.cpp">
      <Filter>Source Files</Filter>
    </ClCompile>
    <ClCompile Include="applications.cpp">
      <Filter>Source Files</Filter>
    </ClCompile>
    <ClCompile Include="dd_launcher.cpp">
      <Filter>Source Files</Filter>
    </ClCompile>
    <ClCompile Include="dd_mount.cpp">
      <Filter>Source Files</Filter>
    </ClCompile>
    <ClCompile Include="dd_net.cpp">
      <Filter>Source Files</Filter>
    </ClCompile>
    <ClCompile Include="dd_sysinfo.cpp">
      <Filter>Source Files</Filter>
    </ClCompile>
    <ClCompile Include="dd_xbe.cpp">
      <Filter>Source Files</Filter>
    </ClCompile>
    <ClCompile Include="dd_pedestal.cpp">
      <Filter>Source Files</Filter>
    </ClCompile>
    <ClCompile Include="fileman.cpp">
      <Filter>Source Files</Filter>
    </ClCompile>
    <ClCompile Include="emulators.cpp">
      <Filter>Source Files</Filter>
    </ClCompile>
    <ClCompile Include="homebrew.cpp">
      <Filter>Source Files</Filter>
    </ClCompile>
    <ClCompile Include="games.cpp">
      <Filter>Source Files</Filter>
    </ClCompile>
    <ClCompile Include="settings.cpp">
      <Filter>Source Files</Filter>
    </ClCompile>
    <ClCompile Include="dd_data.cpp">
      <Filter>Source Files</Filter>
    </ClCompile>
    <ClCompile Include="dd_backdrop.cpp">
      <Filter>Source Files</Filter>
    </ClCompile>
    <ClCompile Include="dd_osk.cpp">
      <Filter>Source Files</Filter>
    </ClCompile>
    <ClCompile Include="dd_fileops.cpp">
      <Filter>Source Files</Filter>
    </ClCompile>
    <ClCompile Include="dd_ftp.cpp">
      <Filter>Source Files</Filter>
    </ClCompile>
    <ClCompile Include="dd_swing.cpp">
      <Filter>Source Files</Filter>
    </ClCompile>
    <ClCompile Include="xba.cpp">
      <Filter>Source Files</Filter>
    </ClCompile>
    <ClCompile Include="dd_update.cpp">
      <Filter>Source Files</Filter>
    </ClCompile>
    <ClCompile Include="dd_disc.cpp">
      <Filter>Source Files</Filter>
    </ClCompile>
    <ClCompile Include="dd_egg.cpp">
      <Filter>Source Files</Filter>
    </ClCompile>
    <ClCompile Include="dd_calib.cpp">
      <Filter>Source Files</Filter>
    </ClCompile>
    <ClCompile Include="dd_select.cpp">
      <Filter>Source Files</Filter>
    </ClCompile>
    <ClCompile Include="dd_fx.cpp">
      <Filter>Source Files</Filter>
    </ClCompile>
    <ClCompile Include="dd_savemgr.cpp">
      <Filter>Source Files</Filter>
    </ClCompile>
    <ClCompile Include="dd_recents.cpp">
      <Filter>Source Files</Filter>
    </ClCompile>
    <ClCompile Include="dd_copyjob.cpp">
      <Filter>Source Files</Filter>
    </ClCompile>
    <ClCompile Include="dd_screensaver.cpp">
      <Filter>Source Files</Filter>
    </ClCompile>
    <ClCompile Include="dd_browse.cpp">
      <Filter>Source Files</Filter>
    </ClCompile>
    <ClCompile Include="dd_paths.cpp">
      <Filter>Source Files</Filter>
    </ClCompile>
    <ClCompile Include="dd_eeprom.cpp">
      <Filter>Source Files</Filter>
    </ClCompile>
    <ClCompile Include="dd_time.cpp">
      <Filter>Source Files</Filter>
    </ClCompile>
    <ClCompile Include="dd_ntp.cpp">
      <Filter>Source Files</Filter>
    </ClCompile>
    <ClCompile Include="picojpeg.c">
      <Filter>Source Files</Filter>
    </ClCompile>
    <ClCompile Include="dd_preview.cpp">
      <Filter>Source Files</Filter>
    </ClCompile>
    <ClCompile Include="dd_synopsis.cpp">
      <Filter>Source Files</Filter>
    </ClCompile>
    <ClCompile Include="dd_edit.cpp">
      <Filter>Source Files</Filter>
    </ClCompile>
  </ItemGroup>
  <ItemGroup>
    <Text Include="Media\Copy Assets Here.txt">
      <Filter>Media</Filter>
    </Text>
  </ItemGroup>
  <ItemGroup>
    <ClInclude Include="font.h">
      <Filter>Header Files</Filter>
    </ClInclude>
    <ClInclude Include="font_atlas.h">
      <Filter>Header Files</Filter>
    </ClInclude>
    <ClInclude Include="input.h">
      <Filter>Header Files</Filter>
    </ClInclude>
    <ClInclude Include="lodepng.h">
      <Filter>Header Files</Filter>
    </ClInclude>
    <ClInclude Include="dd_gfx.h">
      <Filter>Header Files</Filter>
    </ClInclude>
    <ClInclude Include="dd_texture.h">
      <Filter>Header Files</Filter>
    </ClInclude>
    <ClInclude Include="dd_theme.h">
      <Filter>Header Files</Filter>
    </ClInclude>
    <ClInclude Include="dd_ui.h">
      <Filter>Header Files</Filter>
    </ClInclude>
    <ClInclude Include="minimp3.h">
      <Filter>Header Files</Filter>
    </ClInclude>
    <ClInclude Include="dd_iso.h">
      <Filter>Header Files</Filter>
    </ClInclude>
    <ClInclude Include="dd_audio.h">
      <Filter>Header Files</Filter>
    </ClInclude>
    <ClInclude Include="applications.h">
      <Filter>Header Files</Filter>
    </ClInclude>
    <ClInclude Include="dd_launcher.h">
      <Filter>Header Files</Filter>
    </ClInclude>
    <ClInclude Include="dd_mount.h">
      <Filter>Header Files</Filter>
    </ClInclude>
    <ClInclude Include="dd_net.h">
      <Filter>Header Files</Filter>
    </ClInclude>
    <ClInclude Include="dd_sysinfo.h">
      <Filter>Header Files</Filter>
    </ClInclude>
    <ClInclude Include="dd_xbe.h">
      <Filter>Header Files</Filter>
    </ClInclude>
    <ClInclude Include="dd_pedestal.h">
      <Filter>Header Files</Filter>
    </ClInclude>
    <ClInclude Include="fileman.h">
      <Filter>Header Files</Filter>
    </ClInclude>
    <ClInclude Include="emulators.h">
      <Filter>Header Files</Filter>
    </ClInclude>
    <ClInclude Include="homebrew.h">
      <Filter>Header Files</Filter>
    </ClInclude>
    <ClInclude Include="games.h">
      <Filter>Header Files</Filter>
    </ClInclude>
    <ClInclude Include="settings.h">
      <Filter>Header Files</Filter>
    </ClInclude>
    <ClInclude Include="dd_data.h">
      <Filter>Header Files</Filter>
    </ClInclude>
    <ClInclude Include="dd_version.h">
      <Filter>Header Files</Filter>
    </ClInclude>
    <ClInclude Include="dd_backdrop.h">
      <Filter>Header Files</Filter>
    </ClInclude>
    <ClInclude Include="xboxinternals.h">
      <Filter>Header Files</Filter>
    </ClInclude>
    <ClInclude Include="dd_osk.h">
      <Filter>Header Files</Filter>
    </ClInclude>
    <ClInclude Include="dd_fileops.h">
      <Filter>Header Files</Filter>
    </ClInclude>
    <ClInclude Include="dd_ftp.h">
      <Filter>Header Files</Filter>
    </ClInclude>
    <ClInclude Include="dd_swing.h">
      <Filter>Header Files</Filter>
    </ClInclude>
    <ClInclude Include="xba.h">
      <Filter>Header Files</Filter>
    </ClInclude>
    <ClInclude Include="dd_update.h">
      <Filter>Header Files</Filter>
    </ClInclude>
    <ClInclude Include="dd_disc.h">
      <Filter>Header Files</Filter>
    </ClInclude>
    <ClInclude Include="dd_egg.h">
      <Filter>Header Files</Filter>
    </ClInclude>
    <ClInclude Include="dd_calib.h">
      <Filter>Header Files</Filter>
    </ClInclude>
    <ClInclude Include="dd_select.h">
      <Filter>Header Files</Filter>
    </ClInclude>
    <ClInclude Include="dd_fx.h">
      <Filter>Header Files</Filter>
    </ClInclude>
    <ClInclude Include="dd_savemgr.h">
      <Filter>Header Files</Filter>
    </ClInclude>
    <ClInclude Include="dd_recents.h">
      <Filter>Header Files</Filter>
    </ClInclude>
    <ClInclude Include="dd_copyjob.h">
      <Filter>Header Files</Filter>
    </ClInclude>
    <ClInclude Include="dd_screensaver.h">
      <Filter>Header Files</Filter>
    </ClInclude>
    <ClInclude Include="dd_browse.h">
      <Filter>Header Files</Filter>
    </ClInclude>
    <ClInclude Include="dd_paths.h">
      <Filter>Header Files</Filter>
    </ClInclude>
    <ClInclude Include="dd_eeprom.h">
      <Filter>Header Files</Filter>
    </ClInclude>
    <ClInclude Include="dd_time.h">
      <Filter>Header Files</Filter>
    </ClInclude>
    <ClInclude Include="dd_ntp.h">
      <Filter>Header Files</Filter>
    </ClInclude>
    <ClInclude Include="picojpeg.h">
      <Filter>Header Files</Filter>
    </ClInclude>
    <ClInclude Include="dd_preview.h">
      <Filter>Header Files</Filter>
    </ClInclude>
    <ClInclude Include="dd_synopsis.h">
      <Filter>Header Files</Filter>
    </ClInclude>
    <ClInclude Include="dd_edit.h">
      <Filter>Header Files</Filter>
    </ClInclude>
  </ItemGroup>
</Project>